uuid: 1cd49c7f-56df-4725-83b0-6c7a2decf559
langcode: en
status: true
dependencies:
  config:
    - block_content.type.multiple_images_block
  module:
    - content_translation
third_party_settings:
  content_translation:
    enabled: false
    bundle_settings:
      untranslatable_fields_hide: '0'
id: block_content.multiple_images_block
target_entity_type_id: block_content
target_bundle: multiple_images_block
default_langcode: site_default
language_alterable: false
